
Microsoft Visual Studio Solution File, Format Version 12.00
# Visual Studio Version 17
VisualStudioVersion = 17.13.35919.96 d17.13
MinimumVisualStudioVersion = 10.0.40219.1
Project("{FAE04EC0-301F-11D3-BF4B-00C04F79EFBC}") = "PedidosApp.API", "PedidosApp.API\PedidosApp.API.csproj", "{38287783-14DA-46CB-B7A7-E13599C8B652}"
EndProject
Project("{FAE04EC0-301F-11D3-BF4B-00C04F79EFBC}") = "PedidosApp.API.Tests", "PedidosApp.API.Tests\PedidosApp.API.Tests.csproj", "{A1142AF4-D869-429E-8495-6A0F798FABF1}"
EndProject
Project("{2150E333-8FDC-42A3-9474-1A3956D46DE8}") = "1 - PRESENTATION", "1 - PRESENTATION", "{02EA681E-C7D8-13C7-8484-4AC65E1B71E8}"
EndProject
Project("{2150E333-8FDC-42A3-9474-1A3956D46DE8}") = "2 - APPLICATION", "2 - APPLICATION", "{AAE7AE8D-D3CB-45D4-97F8-87CE1B00C559}"
EndProject
Project("{2150E333-8FDC-42A3-9474-1A3956D46DE8}") = "3 - DOMAIN", "3 - DOMAIN", "{93A24913-AE7D-4104-AEAF-A2666E41A82A}"
EndProject
Project("{2150E333-8FDC-42A3-9474-1A3956D46DE8}") = "4 - INFRASTRUCTURE", "4 - INFRASTRUCTURE", "{F564D55A-D4DC-4EBA-B9BB-354F8A20BA23}"
EndProject
Project("{FAE04EC0-301F-11D3-BF4B-00C04F79EFBC}") = "PedidosApp.Application", "PedidosApp.Application\PedidosApp.Application.csproj", "{E5076BC6-4D7F-4C3E-BE10-6B2C4EA0D839}"
EndProject
Project("{FAE04EC0-301F-11D3-BF4B-00C04F79EFBC}") = "PedidosApp.Application.Tests", "PedidosApp.Application.Tests\PedidosApp.Application.Tests.csproj", "{6CD5076F-AEBB-4D25-8D33-5DCA805624C0}"
EndProject
Project("{FAE04EC0-301F-11D3-BF4B-00C04F79EFBC}") = "PedidosApp.Domain", "PedidosApp.Domain\PedidosApp.Domain.csproj", "{F4EA7451-C74F-459F-A156-165C81C293F8}"
EndProject
Project("{FAE04EC0-301F-11D3-BF4B-00C04F79EFBC}") = "PedidosApp.Domain.Tests", "PedidosApp.Domain.Tests\PedidosApp.Domain.Tests.csproj", "{171D7778-05DB-4FED-8734-3FC67CA4A332}"
EndProject
Project("{FAE04EC0-301F-11D3-BF4B-00C04F79EFBC}") = "PedidosApp.Infra.Data", "PedidosApp.Infra.Data\PedidosApp.Infra.Data.csproj", "{00E50F85-E01D-43BF-AB8F-80171EACF2BE}"
EndProject
Project("{FAE04EC0-301F-11D3-BF4B-00C04F79EFBC}") = "PedidosApp.Infra.Data.Tests", "PedidosApp.Infra.Data.Tests\PedidosApp.Infra.Data.Tests.csproj", "{295C0D0D-10B4-4440-B037-D2A126B8F223}"
EndProject
Project("{2150E333-8FDC-42A3-9474-1A3956D46DE8}") = "Solution Items", "Solution Items", "{8EC462FD-D22E-90A8-E5CE-7E832BA40C5D}"
	ProjectSection(SolutionItems) = preProject
		docker-compose.yml = docker-compose.yml
	EndProjectSection
EndProject
Global
	GlobalSection(SolutionConfigurationPlatforms) = preSolution
		Debug|Any CPU = Debug|Any CPU
		Release|Any CPU = Release|Any CPU
	EndGlobalSection
	GlobalSection(ProjectConfigurationPlatforms) = postSolution
		{38287783-14DA-46CB-B7A7-E13599C8B652}.Debug|Any CPU.ActiveCfg = Debug|Any CPU
		{38287783-14DA-46CB-B7A7-E13599C8B652}.Debug|Any CPU.Build.0 = Debug|Any CPU
		{38287783-14DA-46CB-B7A7-E13599C8B652}.Release|Any CPU.ActiveCfg = Release|Any CPU
		{38287783-14DA-46CB-B7A7-E13599C8B652}.Release|Any CPU.Build.0 = Release|Any CPU
		{A1142AF4-D869-429E-8495-6A0F798FABF1}.Debug|Any CPU.ActiveCfg = Debug|Any CPU
		{A1142AF4-D869-429E-8495-6A0F798FABF1}.Debug|Any CPU.Build.0 = Debug|Any CPU
		{A1142AF4-D869-429E-8495-6A0F798FABF1}.Release|Any CPU.ActiveCfg = Release|Any CPU
		{A1142AF4-D869-429E-8495-6A0F798FABF1}.Release|Any CPU.Build.0 = Release|Any CPU
		{E5076BC6-4D7F-4C3E-BE10-6B2C4EA0D839}.Debug|Any CPU.ActiveCfg = Debug|Any CPU
		{E5076BC6-4D7F-4C3E-BE10-6B2C4EA0D839}.Debug|Any CPU.Build.0 = Debug|Any CPU
		{E5076BC6-4D7F-4C3E-BE10-6B2C4EA0D839}.Release|Any CPU.ActiveCfg = Release|Any CPU
		{E5076BC6-4D7F-4C3E-BE10-6B2C4EA0D839}.Release|Any CPU.Build.0 = Release|Any CPU
		{6CD5076F-AEBB-4D25-8D33-5DCA805624C0}.Debug|Any CPU.ActiveCfg = Debug|Any CPU
		{6CD5076F-AEBB-4D25-8D33-5DCA805624C0}.Debug|Any CPU.Build.0 = Debug|Any CPU
		{6CD5076F-AEBB-4D25-8D33-5DCA805624C0}.Release|Any CPU.ActiveCfg = Release|Any CPU
		{6CD5076F-AEBB-4D25-8D33-5DCA805624C0}.Release|Any CPU.Build.0 = Release|Any CPU
		{F4EA7451-C74F-459F-A156-165C81C293F8}.Debug|Any CPU.ActiveCfg = Debug|Any CPU
		{F4EA7451-C74F-459F-A156-165C81C293F8}.Debug|Any CPU.Build.0 = Debug|Any CPU
		{F4EA7451-C74F-459F-A156-165C81C293F8}.Release|Any CPU.ActiveCfg = Release|Any CPU
		{F4EA7451-C74F-459F-A156-165C81C293F8}.Release|Any CPU.Build.0 = Release|Any CPU
		{171D7778-05DB-4FED-8734-3FC67CA4A332}.Debug|Any CPU.ActiveCfg = Debug|Any CPU
		{171D7778-05DB-4FED-8734-3FC67CA4A332}.Debug|Any CPU.Build.0 = Debug|Any CPU
		{171D7778-05DB-4FED-8734-3FC67CA4A332}.Release|Any CPU.ActiveCfg = Release|Any CPU
		{171D7778-05DB-4FED-8734-3FC67CA4A332}.Release|Any CPU.Build.0 = Release|Any CPU
		{00E50F85-E01D-43BF-AB8F-80171EACF2BE}.Debug|Any CPU.ActiveCfg = Debug|Any CPU
		{00E50F85-E01D-43BF-AB8F-80171EACF2BE}.Debug|Any CPU.Build.0 = Debug|Any CPU
		{00E50F85-E01D-43BF-AB8F-80171EACF2BE}.Release|Any CPU.ActiveCfg = Release|Any CPU
		{00E50F85-E01D-43BF-AB8F-80171EACF2BE}.Release|Any CPU.Build.0 = Release|Any CPU
		{295C0D0D-10B4-4440-B037-D2A126B8F223}.Debug|Any CPU.ActiveCfg = Debug|Any CPU
		{295C0D0D-10B4-4440-B037-D2A126B8F223}.Debug|Any CPU.Build.0 = Debug|Any CPU
		{295C0D0D-10B4-4440-B037-D2A126B8F223}.Release|Any CPU.ActiveCfg = Release|Any CPU
		{295C0D0D-10B4-4440-B037-D2A126B8F223}.Release|Any CPU.Build.0 = Release|Any CPU
	EndGlobalSection
	GlobalSection(SolutionProperties) = preSolution
		HideSolutionNode = FALSE
	EndGlobalSection
	GlobalSection(NestedProjects) = preSolution
		{38287783-14DA-46CB-B7A7-E13599C8B652} = {02EA681E-C7D8-13C7-8484-4AC65E1B71E8}
		{A1142AF4-D869-429E-8495-6A0F798FABF1} = {02EA681E-C7D8-13C7-8484-4AC65E1B71E8}
		{E5076BC6-4D7F-4C3E-BE10-6B2C4EA0D839} = {AAE7AE8D-D3CB-45D4-97F8-87CE1B00C559}
		{6CD5076F-AEBB-4D25-8D33-5DCA805624C0} = {AAE7AE8D-D3CB-45D4-97F8-87CE1B00C559}
		{F4EA7451-C74F-459F-A156-165C81C293F8} = {93A24913-AE7D-4104-AEAF-A2666E41A82A}
		{171D7778-05DB-4FED-8734-3FC67CA4A332} = {93A24913-AE7D-4104-AEAF-A2666E41A82A}
		{00E50F85-E01D-43BF-AB8F-80171EACF2BE} = {F564D55A-D4DC-4EBA-B9BB-354F8A20BA23}
		{295C0D0D-10B4-4440-B037-D2A126B8F223} = {F564D55A-D4DC-4EBA-B9BB-354F8A20BA23}
	EndGlobalSection
	GlobalSection(ExtensibilityGlobals) = postSolution
		SolutionGuid = {3890107D-656E-442B-8CDC-97B9FD26A03F}
	EndGlobalSection
EndGlobal
